
Microsoft Visual Studio Solution File, Format Version 12.00
# Visual Studio Version 17
VisualStudioVersion = 17.11.35312.102
MinimumVisualStudioVersion = 10.0.40219.1
Project("{F2A71F9B-5D33-465A-A702-920D77279786}") = "ShoppingFlip", "ShoppingFlip.fsproj", "{A6109058-2343-4491-89DA-AC367CC9213E}"
EndProject
Global
	GlobalSection(SolutionConfigurationPlatforms) = preSolution
		Debug|Any CPU = Debug|Any CPU
		Release|Any CPU = Release|Any CPU
	EndGlobalSection
	GlobalSection(ProjectConfigurationPlatforms) = postSolution
		{A6109058-2343-4491-89DA-AC367CC9213E}.Debug|Any CPU.ActiveCfg = Debug|Any CPU
		{A6109058-2343-4491-89DA-AC367CC9213E}.Debug|Any CPU.Build.0 = Debug|Any CPU
		{A6109058-2343-4491-89DA-AC367CC9213E}.Release|Any CPU.ActiveCfg = Release|Any CPU
		{A6109058-2343-4491-89DA-AC367CC9213E}.Release|Any CPU.Build.0 = Release|Any CPU
	EndGlobalSection
	GlobalSection(SolutionProperties) = preSolution
		HideSolutionNode = FALSE
	EndGlobalSection
	GlobalSection(ExtensibilityGlobals) = postSolution
		SolutionGuid = {8895C777-55FF-4E32-937E-E16B93A688EE}
	EndGlobalSection
EndGlobal
